
Microsoft Visual Studio Solution File, Format Version 12.00
# Visual Studio Version 17
VisualStudioVersion = 17.11.35312.102
MinimumVisualStudioVersion = 10.0.40219.1
Project("{FAE04EC0-301F-11D3-BF4B-00C04F79EFBC}") = "HangmanGameEduvos2024", "HangmanGameEduvos2024\HangmanGameEduvos2024.csproj", "{8D860A24-71B6-4241-8B1D-0285254241C1}"
EndProject
Global
	GlobalSection(SolutionConfigurationPlatforms) = preSolution
		Debug|Any CPU = Debug|Any CPU
		Release|Any CPU = Release|Any CPU
	EndGlobalSection
	GlobalSection(ProjectConfigurationPlatforms) = postSolution
		{8D860A24-71B6-4241-8B1D-0285254241C1}.Debug|Any CPU.ActiveCfg = Debug|Any CPU
		{8D860A24-71B6-4241-8B1D-0285254241C1}.Debug|Any CPU.Build.0 = Debug|Any CPU
		{8D860A24-71B6-4241-8B1D-0285254241C1}.Release|Any CPU.ActiveCfg = Release|Any CPU
		{8D860A24-71B6-4241-8B1D-0285254241C1}.Release|Any CPU.Build.0 = Release|Any CPU
	EndGlobalSection
	GlobalSection(SolutionProperties) = preSolution
		HideSolutionNode = FALSE
	EndGlobalSection
	GlobalSection(ExtensibilityGlobals) = postSolution
		SolutionGuid = {8E1C5D52-C9BA-40B4-B58B-70594FCC068A}
	EndGlobalSection
EndGlobal
